<?xml version="1.0" encoding="utf-8"?>
<Project ToolsVersion="4.0" xmlns="http://schemas.microsoft.com/developer/msbuild/2003">
  <ItemGroup>
    <ClCompile Include="clsArchStats.cpp" />
    <ClCompile Include="clsMenu.cpp" />
    <ClCompile Include="clsProfileCharacters.cpp" />
    <ClCompile Include="clsSelectCharacterMenu.cpp" />
    <ClCompile Include="clsStats.cpp" />
    <ClCompile Include="Knight.cpp" />
    <ClCompile Include="Necromancer.cpp" />
    <ClCompile Include="Animation.cpp" />
    <ClCompile Include="Attacks.cpp" />
    <ClCompile Include="Characters.cpp" />
    <ClCompile Include="elfa.cpp" />
    <ClCompile Include="Game.cpp" />
    <ClCompile Include="Interface.cpp" />
    <ClCompile Include="MafaldaNinja.cpp" />
    <ClCompile Include="MAIN.cpp" />
    <ClCompile Include="mapa.cpp" />
    <ClCompile Include="Power.cpp" />
    <ClCompile Include="Stage.cpp" />
    <ClCompile Include="clsArchivoStatistics.cpp" />
    <ClCompile Include="gameFunctions.cpp" />
  </ItemGroup>
  <ItemGroup>
    <ClInclude Include="clsArchStats.h" />
    <ClInclude Include="clsMenu.h" />
    <ClInclude Include="clsProfileCharacters.h" />
    <ClInclude Include="clsSelectCharacterMenu.h" />
    <ClInclude Include="clsStats.h" />
    <ClInclude Include="Knight.h" />
    <ClInclude Include="Necromancer.h" />
    <ClInclude Include="Animation.h" />
    <ClInclude Include="Attacks.h" />
    <ClInclude Include="Characters.h" />
    <ClInclude Include="elfa.h" />
    <ClInclude Include="Game.h" />
    <ClInclude Include="Interface.h" />
    <ClInclude Include="MafaldaNinja.h" />
    <ClInclude Include="mapa.h" />
    <ClInclude Include="Power.h" />
    <ClInclude Include="Stage.h" />
    <ClInclude Include="gameFunctions.h" />
    <ClInclude Include="clsArchivoStatistics.h" />
  </ItemGroup>
</Project>